
Microsoft Visual Studio Solution File, Format Version 12.00
# Visual Studio Version 17
VisualStudioVersion = 17.14.36518.9 d17.14
MinimumVisualStudioVersion = 10.0.40219.1
Project("{FAE04EC0-301F-11D3-BF4B-00C04F79EFBC}") = "dbContaApi", "dbContaApi\dbContaApi.csproj", "{7AD5BFD0-BC04-4881-BFB8-9319080A776E}"
EndProject
Project("{FAE04EC0-301F-11D3-BF4B-00C04F79EFBC}") = "dbContaLibrary", "dbContaLibrary\dbContaLibrary.csproj", "{5BE35C98-44BA-46DB-A414-03E4D39A793E}"
EndProject
Global
	GlobalSection(SolutionConfigurationPlatforms) = preSolution
		Debug|Any CPU = Debug|Any CPU
		Release|Any CPU = Release|Any CPU
	EndGlobalSection
	GlobalSection(ProjectConfigurationPlatforms) = postSolution
		{7AD5BFD0-BC04-4881-BFB8-9319080A776E}.Debug|Any CPU.ActiveCfg = Debug|Any CPU
		{7AD5BFD0-BC04-4881-BFB8-9319080A776E}.Debug|Any CPU.Build.0 = Debug|Any CPU
		{7AD5BFD0-BC04-4881-BFB8-9319080A776E}.Release|Any CPU.ActiveCfg = Release|Any CPU
		{7AD5BFD0-BC04-4881-BFB8-9319080A776E}.Release|Any CPU.Build.0 = Release|Any CPU
		{5BE35C98-44BA-46DB-A414-03E4D39A793E}.Debug|Any CPU.ActiveCfg = Debug|Any CPU
		{5BE35C98-44BA-46DB-A414-03E4D39A793E}.Debug|Any CPU.Build.0 = Debug|Any CPU
		{5BE35C98-44BA-46DB-A414-03E4D39A793E}.Release|Any CPU.ActiveCfg = Release|Any CPU
		{5BE35C98-44BA-46DB-A414-03E4D39A793E}.Release|Any CPU.Build.0 = Release|Any CPU
	EndGlobalSection
	GlobalSection(SolutionProperties) = preSolution
		HideSolutionNode = FALSE
	EndGlobalSection
	GlobalSection(ExtensibilityGlobals) = postSolution
		SolutionGuid = {4A364EE3-275A-4061-8048-F62BF43204C9}
	EndGlobalSection
EndGlobal
